
Microsoft Visual Studio Solution File, Format Version 12.00
# Visual Studio 15
VisualStudioVersion = 15.0.28307.645
MinimumVisualStudioVersion = 10.0.40219.1
Project("{FAE04EC0-301F-11D3-BF4B-00C04F79EFBC}") = "3laba", "3laba\3laba.csproj", "{60F97D4D-64E7-4B35-B9CB-9E406580470B}"
EndProject
Global
	GlobalSection(SolutionConfigurationPlatforms) = preSolution
		Debug|Any CPU = Debug|Any CPU
		Release|Any CPU = Release|Any CPU
	EndGlobalSection
	GlobalSection(ProjectConfigurationPlatforms) = postSolution
		{60F97D4D-64E7-4B35-B9CB-9E406580470B}.Debug|Any CPU.ActiveCfg = Debug|Any CPU
		{60F97D4D-64E7-4B35-B9CB-9E406580470B}.Debug|Any CPU.Build.0 = Debug|Any CPU
		{60F97D4D-64E7-4B35-B9CB-9E406580470B}.Release|Any CPU.ActiveCfg = Release|Any CPU
		{60F97D4D-64E7-4B35-B9CB-9E406580470B}.Release|Any CPU.Build.0 = Release|Any CPU
	EndGlobalSection
	GlobalSection(SolutionProperties) = preSolution
		HideSolutionNode = FALSE
	EndGlobalSection
	GlobalSection(ExtensibilityGlobals) = postSolution
		SolutionGuid = {2B39B268-02F0-4E5F-8C83-06E8106A3CD6}
	EndGlobalSection
EndGlobal
